
Microsoft Visual Studio Solution File, Format Version 12.00
# Visual Studio Version 17
VisualStudioVersion = 17.13.35825.156
MinimumVisualStudioVersion = 10.0.40219.1
Project("{8BC9CEB8-8B4A-11D0-8D11-00A0C91BC942}") = "Raytracer", "Raytracer\Raytracer.vcxproj", "{C4D54583-4FBF-4AD8-BF15-0F4027079D52}"
EndProject
Project("{8BC9CEB8-8B4A-11D0-8D11-00A0C91BC942}") = "RaytracerMath", "RaytracerMath\RaytracerMath.vcxproj", "{3CB216BF-8A77-4053-A2E2-178253FFF1D9}"
EndProject
Project("{8BC9CEB8-8B4A-11D0-8D11-00A0C91BC942}") = "RaytracerMathTests", "RaytracerMathTests\RaytracerMathTests.vcxproj", "{75886E1C-3AB2-4C60-AD3F-0C769AEB09FF}"
EndProject
Project("{8BC9CEB8-8B4A-11D0-8D11-00A0C91BC942}") = "ComputerGraphicsAlgorithms", "ComputerGraphicsAlgorithms\ComputerGraphicsAlgorithms.vcxproj", "{945459CE-9475-4A84-A218-D7BAB646E3C0}"
	ProjectSection(ProjectDependencies) = postProject
		{3CB216BF-8A77-4053-A2E2-178253FFF1D9} = {3CB216BF-8A77-4053-A2E2-178253FFF1D9}
	EndProjectSection
EndProject
Global
	GlobalSection(SolutionConfigurationPlatforms) = preSolution
		Debug|x64 = Debug|x64
		Debug|x86 = Debug|x86
		Release|x64 = Release|x64
		Release|x86 = Release|x86
	EndGlobalSection
	GlobalSection(ProjectConfigurationPlatforms) = postSolution
		{C4D54583-4FBF-4AD8-BF15-0F4027079D52}.Debug|x64.ActiveCfg = Debug|x64
		{C4D54583-4FBF-4AD8-BF15-0F4027079D52}.Debug|x64.Build.0 = Debug|x64
		{C4D54583-4FBF-4AD8-BF15-0F4027079D52}.Debug|x86.ActiveCfg = Debug|Win32
		{C4D54583-4FBF-4AD8-BF15-0F4027079D52}.Debug|x86.Build.0 = Debug|Win32
		{C4D54583-4FBF-4AD8-BF15-0F4027079D52}.Release|x64.ActiveCfg = Release|x64
		{C4D54583-4FBF-4AD8-BF15-0F4027079D52}.Release|x64.Build.0 = Release|x64
		{C4D54583-4FBF-4AD8-BF15-0F4027079D52}.Release|x86.ActiveCfg = Release|Win32
		{C4D54583-4FBF-4AD8-BF15-0F4027079D52}.Release|x86.Build.0 = Release|Win32
		{3CB216BF-8A77-4053-A2E2-178253FFF1D9}.Debug|x64.ActiveCfg = Debug|x64
		{3CB216BF-8A77-4053-A2E2-178253FFF1D9}.Debug|x64.Build.0 = Debug|x64
		{3CB216BF-8A77-4053-A2E2-178253FFF1D9}.Debug|x86.ActiveCfg = Debug|Win32
		{3CB216BF-8A77-4053-A2E2-178253FFF1D9}.Debug|x86.Build.0 = Debug|Win32
		{3CB216BF-8A77-4053-A2E2-178253FFF1D9}.Release|x64.ActiveCfg = Release|x64
		{3CB216BF-8A77-4053-A2E2-178253FFF1D9}.Release|x64.Build.0 = Release|x64
		{3CB216BF-8A77-4053-A2E2-178253FFF1D9}.Release|x86.ActiveCfg = Release|Win32
		{3CB216BF-8A77-4053-A2E2-178253FFF1D9}.Release|x86.Build.0 = Release|Win32
		{75886E1C-3AB2-4C60-AD3F-0C769AEB09FF}.Debug|x64.ActiveCfg = Debug|x64
		{75886E1C-3AB2-4C60-AD3F-0C769AEB09FF}.Debug|x64.Build.0 = Debug|x64
		{75886E1C-3AB2-4C60-AD3F-0C769AEB09FF}.Debug|x86.ActiveCfg = Debug|Win32
		{75886E1C-3AB2-4C60-AD3F-0C769AEB09FF}.Debug|x86.Build.0 = Debug|Win32
		{75886E1C-3AB2-4C60-AD3F-0C769AEB09FF}.Release|x64.ActiveCfg = Release|x64
		{75886E1C-3AB2-4C60-AD3F-0C769AEB09FF}.Release|x64.Build.0 = Release|x64
		{75886E1C-3AB2-4C60-AD3F-0C769AEB09FF}.Release|x86.ActiveCfg = Release|Win32
		{75886E1C-3AB2-4C60-AD3F-0C769AEB09FF}.Release|x86.Build.0 = Release|Win32
		{945459CE-9475-4A84-A218-D7BAB646E3C0}.Debug|x64.ActiveCfg = Debug|x64
		{945459CE-9475-4A84-A218-D7BAB646E3C0}.Debug|x64.Build.0 = Debug|x64
		{945459CE-9475-4A84-A218-D7BAB646E3C0}.Debug|x86.ActiveCfg = Debug|Win32
		{945459CE-9475-4A84-A218-D7BAB646E3C0}.Debug|x86.Build.0 = Debug|Win32
		{945459CE-9475-4A84-A218-D7BAB646E3C0}.Release|x64.ActiveCfg = Release|x64
		{945459CE-9475-4A84-A218-D7BAB646E3C0}.Release|x64.Build.0 = Release|x64
		{945459CE-9475-4A84-A218-D7BAB646E3C0}.Release|x86.ActiveCfg = Release|Win32
		{945459CE-9475-4A84-A218-D7BAB646E3C0}.Release|x86.Build.0 = Release|Win32
	EndGlobalSection
	GlobalSection(SolutionProperties) = preSolution
		HideSolutionNode = FALSE
	EndGlobalSection
	GlobalSection(ExtensibilityGlobals) = postSolution
		SolutionGuid = {7F67A0AE-3D5B-46A0-BFE1-75088EC41EAF}
	EndGlobalSection
EndGlobal
